github.com/BurntSushi/toml v0.3.1/go.mod h1:xHWCNGjB5oqiDr8zfno3MHue2Ht5sIBksp03qcyfWMU=
github.com/Masterminds/semver v1.4.2/go.mod h1:MB6lktGJrhw8PrUyiEoblNEGEQ+RzHPF078ddwwvV3Y=
github.com/alecthomas/kingpin v2.2.6+incompatible/go.mod h1:59OFYbFVLKQKq+mqrL6Rw5bR0c3ACQaawgXx0QYndlE=
github.com/alecthomas/template v0.0.0-20160405071501-a0175ee3bccc/go.mod h1:LOuyumcjzFXgccqObfd/Ljyb9UuFJ6TxHnclSeseNhc=
github.com/alecthomas/units v0.0.0-20151022065526-2efee857e7cf/go.mod h1:ybxpYRFXyAe+OPACYpWeL0wqObRcbAqCMya13uyzqw0=
github.com/apex/log v1.1.0/go.mod h1:yA770aXIDQrhVOIGurT/pVdfCpSq1GQV/auzMN5fzvY=
github.com/aws/aws-sdk-go v1.15.64/go.mod h1:E3/ieXAlvM0XWO57iftYVDLLvQ824smPP3ATZkfNZeM=
github.com/blakesmith/ar v0.0.0-20150311145944-8bd4349a67f2/go.mod h1:PkYb9DJNAwrSvRx5DYA+gUcOIgTGVMNkfSCbZM8cWpI=
github.com/caarlos0/ctrlc v1.0.0/go.mod h1:CdXpj4rmq0q/1Eb44M9zi2nKB0QraNKuRGYGrrHhcQw=
github.com/campoy/unique v0.0.0-20180121183637-88950e537e7e/go.mod h1:9IOqJGCPMSc6E5ydlp5NIonxObaeu/Iub/X03EKPVYo=
github.com/davecgh/go-spew v1.1.0/go.mod h1:J7Y8YcW2NihsgmVo/mv3lAwl/skON4iLHjSsI+c5H38=
github.com/davecgh/go-spew v1.1.1/go.mod h1:J7Y8YcW2NihsgmVo/mv3lAwl/skON4iLHjSsI+c5H38=
github.com/fatih/color v1.7.0/go.mod h1:Zm6kSWBoL9eyXnKyktHP6abPY2pDugNf5KwzbycvMj4=
github.com/fsnotify/fsnotify v1.4.7/go.mod h1:jwhsz4b93w/PPRr/qN1Yymfu8t87LnFCMoQvtojpjFo=
github.com/golang/protobuf v1.2.0/go.mod h1:6lQm79b+lXiMfvg/cZm0SGofjICqVBUtrP5yJMmIC1U=
github.com/google/go-github v17.0.0+incompatible/go.mod h1:zLgOLi98H3fifZn+44m+umXrS52loVEgC2AApnigrVQ=
github.com/google/go-querystring v1.0.0/go.mod h1:odCYkC5MyYFN7vkCjXpyrEuKhc/BUO6wN/zVPAxq5ck=
github.com/goreleaser/goreleaser v0.102.0 h1:U1AA7okfNLZG1R7T84qnNKbADFLPKBjVkP05+fWvihI=
github.com/goreleaser/goreleaser v0.102.0/go.mod h1:gFykrGsDXTNvcYSMQH4lEpcxXHyE+7jSjf3hakwnBPQ=
github.com/goreleaser/nfpm v0.9.7/go.mod h1:F2yzin6cBAL9gb+mSiReuXdsfTrOQwDMsuSpULof+y4=
github.com/goreleaser/nfpm v0.10.0 h1:UnTmJsoebPtT38SlA/3WEv4+0ZoXvvXqVkag5AVsB9E=
github.com/goreleaser/nfpm v0.10.0/go.mod h1:F2yzin6cBAL9gb+mSiReuXdsfTrOQwDMsuSpULof+y4=
github.com/hashicorp/hcl v1.0.0/go.mod h1:E5yfLk+7swimpb2L/Alb/PJmXilQ/rhwaUYs4T20WEQ=
github.com/imdario/mergo v0.3.4/go.mod h1:2EnlNZ0deacrJVfApfmtdGgDfMuh/nq6Ok1EcJh5FfA=
github.com/imdario/mergo v0.3.6/go.mod h1:2EnlNZ0deacrJVfApfmtdGgDfMuh/nq6Ok1EcJh5FfA=
github.com/inconshreveable/mousetrap v1.0.0/go.mod h1:PxqpIevigyE2G7u3NXJIT2ANytuPF1OarO4DADm73n8=
github.com/jmespath/go-jmespath v0.0.0-20160202185014-0b12d6b521d8/go.mod h1:Nht3zPeWKUH0NzdCt2Blrr5ys8VGpn0CEB0cQHVjt7k=
github.com/kamilsk/retry/v4 v4.0.0 h1:XmnWZpK3FMoDGn28njHUkLzT92YRxAuV0GA0I+OPY6g=
github.com/kamilsk/retry/v4 v4.0.0/go.mod h1:0af33qDvzbhQqdOBi7iOjEpmP4brbPmNZpo7chYlgcc=
github.com/konsorten/go-windows-terminal-sequences v0.0.0-20180402223658-b729f2633dfe h1:CHRGQ8V7OlCYtwaKPJi3iA7J+YdNKdo8j7nG5IgDhjs=
github.com/konsorten/go-windows-terminal-sequences v0.0.0-20180402223658-b729f2633dfe/go.mod h1:T0+1ngSBFLxvqU3pZ+m/2kptfBszLMUkC4ZK/EgS/cQ=
github.com/magiconair/properties v1.8.0/go.mod h1:PppfXfuXeibc/6YijjN8zIbojt8czPbwD3XqdrwzmxQ=
github.com/mattn/go-colorable v0.0.9/go.mod h1:9vuHe8Xs5qXnSaW/c/ABM9alt+Vo+STaOChaDxuIBZU=
github.com/mattn/go-isatty v0.0.4/go.mod h1:M+lRXTBqGeGNdLjl/ufCoiOlB5xdOkqRJdNxMWT7Zi4=
github.com/mattn/go-zglob v0.0.0-20171230104132-4959821b4817/go.mod h1:9fxibJccNxU2cnpIKLRRFA7zX7qhkJIQWBb449FYHOo=
github.com/mattn/go-zglob v0.0.0-20180803001819-2ea3427bfa53/go.mod h1:9fxibJccNxU2cnpIKLRRFA7zX7qhkJIQWBb449FYHOo=
github.com/mitchellh/go-homedir v1.0.0/go.mod h1:SfyaCUpYCn1Vlf4IUYiD9fPX4A5wJrkLzIz1N1q0pr0=
github.com/mitchellh/mapstructure v1.0.0/go.mod h1:FVVH3fgwuzCH5S8UJGiWEs2h04kUh9fWfEaFds41c1Y=
github.com/mitchellh/mapstructure v1.1.1 h1:0fcGQkeJPHl7DauilpdNG27ZxXHDSg+rbbTpfpniZd8=
github.com/mitchellh/mapstructure v1.1.1/go.mod h1:FVVH3fgwuzCH5S8UJGiWEs2h04kUh9fWfEaFds41c1Y=
github.com/pelletier/go-toml v1.2.0/go.mod h1:5z9KED0ma1S8pY6P1sdut58dfprrGBbd/94hg7ilaic=
github.com/pkg/errors v0.8.0 h1:WdK/asTD0HN+q6hsWO3/vpuAkAr+tw6aNJNDFFf0+qw=
github.com/pkg/errors v0.8.0/go.mod h1:bwawxfHBFNV+L2hUp1rHADufV3IMtnDRdf1r5NINEl0=
github.com/pmezard/go-difflib v1.0.0/go.mod h1:iKH77koFhYxTK1pcRnkKkqfTogsbg7gZNVY4sRDYZ/4=
github.com/sirupsen/logrus v1.1.0 h1:65VZabgUiV9ktjGM5nTq0+YurgTyX+YI2lSSfDjI+qU=
github.com/sirupsen/logrus v1.1.0/go.mod h1:zrgwTnHtNr00buQ1vSptGe8m1f/BbgsPukg8qsT7A+A=
github.com/spf13/afero v1.1.2 h1:m8/z1t7/fwjysjQRYbP0RD+bUIF/8tJwPdEZsI83ACI=
github.com/spf13/afero v1.1.2/go.mod h1:j4pytiNVoe2o6bmDsKpLACNPDBIoEAkihy7loJ1B0CQ=
github.com/spf13/cast v1.2.0 h1:HHl1DSRbEQN2i8tJmtS6ViPyHx35+p51amrdsiTCrkg=
github.com/spf13/cast v1.2.0/go.mod h1:r2rcYCSwa1IExKTDiTfzaxqT2FNHs8hODu4LnUfgKEg=
github.com/spf13/cobra v0.0.3/go.mod h1:1l0Ry5zgKvJasoi3XT1TypsSe7PqH0Sj9dhYf7v3XqQ=
github.com/spf13/jwalterweatherman v1.0.0/go.mod h1:cQK4TGJAtQXfYWX+Ddv3mKDzgVb68N+wFjFa4jdeBTo=
github.com/spf13/pflag v1.0.2/go.mod h1:DYY7MBk1bdzusC3SYhjObp+wFpr4gzcvqqNjLnInEg4=
github.com/spf13/pflag v1.0.3/go.mod h1:DYY7MBk1bdzusC3SYhjObp+wFpr4gzcvqqNjLnInEg4=
github.com/spf13/viper v1.2.1 h1:bIcUwXqLseLF3BDAZduuNfekWG87ibtFxi59Bq+oI9M=
github.com/spf13/viper v1.2.1/go.mod h1:P4AexN0a+C9tGAnUFNwDMYYZv3pjFuvmeiMyKRaNVlI=
github.com/stretchr/objx v0.1.0/go.mod h1:HFkY916IF+rwdDfMAkV7OtwuqBVzrE8GR6GFx+wExME=
github.com/stretchr/testify v1.2.1/go.mod h1:a8OnRcib4nhh0OaRAV+Yts87kKdq0PP7pXfy6kDkUVs=
github.com/stretchr/testify v1.2.2 h1:bSDNvY7ZPG5RlJ8otE/7V6gMiyenm9RtJ7IUVIAoJ1w=
github.com/stretchr/testify v1.2.2/go.mod h1:a8OnRcib4nhh0OaRAV+Yts87kKdq0PP7pXfy6kDkUVs=
github.com/stretchr/testify v1.3.0/go.mod h1:M5WIy9Dh21IEIfnGCwXGc5bZfKNJtfHm1UVUgZn+9EI=
golang.org/x/crypto v0.0.0-20180904163835-0709b304e793/go.mod h1:6SG95UA2DQfeDnfUPMdvaQW0Q7yPrPDi9nlGo2tz2b4=
golang.org/x/crypto v0.0.0-20181001203147-e3636079e1a4 h1:Vk3wNqEZwyGyei9yq5ekj7frek2u7HUfffJ1/opblzc=
golang.org/x/crypto v0.0.0-20181001203147-e3636079e1a4/go.mod h1:6SG95UA2DQfeDnfUPMdvaQW0Q7yPrPDi9nlGo2tz2b4=
golang.org/x/net v0.0.0-20180724234803-3673e40ba225/go.mod h1:mL1N/T3taQHkDXs73rZJwtUhF3w3ftmwwsq0BUmARs4=
golang.org/x/net v0.0.0-20181023162649-9b4f9f5ad519/go.mod h1:mL1N/T3taQHkDXs73rZJwtUhF3w3ftmwwsq0BUmARs4=
golang.org/x/net v0.0.0-20190213061140-3a22650c66bd/go.mod h1:mL1N/T3taQHkDXs73rZJwtUhF3w3ftmwwsq0BUmARs4=
golang.org/x/oauth2 v0.0.0-20181017192945-9dcd33a902f4 h1:99CA0JJbUX4ozCnLon680Jc9e0T1i8HCaLVJMwtI8Hc=
golang.org/x/oauth2 v0.0.0-20181017192945-9dcd33a902f4/go.mod h1:N/0e6XlmueqKjAGxoOufVs8QHGRruUQn6yWY3a++T0U=
golang.org/x/sync v0.0.0-20180314180146-1d60e4601c6f/go.mod h1:RxMgew5VJxzue5/jJTE5uejpjVlOe/izrB70Jof72aM=
golang.org/x/sync v0.0.0-20181108010431-42b317875d0f h1:Bl/8QSvNqXvPGPGXa2z5xUTmV7VDcZyvRZ+QQXkXTZQ=
golang.org/x/sync v0.0.0-20181108010431-42b317875d0f/go.mod h1:RxMgew5VJxzue5/jJTE5uejpjVlOe/izrB70Jof72aM=
golang.org/x/sys v0.0.0-20180905080454-ebe1bf3edb33/go.mod h1:STP8DvDyc/dI5b8T5hshtkjS+E42TnysNCUPdjciGhY=
golang.org/x/sys v0.0.0-20180906133057-8cf3aee42992/go.mod h1:STP8DvDyc/dI5b8T5hshtkjS+E42TnysNCUPdjciGhY=
golang.org/x/sys v0.0.0-20181030150119-7e31e0c00fa0 h1:biUuj9O+0+XckRUCDzjoOGm6yFV5c0IHbm1ODP3e4Zw=
golang.org/x/sys v0.0.0-20181030150119-7e31e0c00fa0/go.mod h1:STP8DvDyc/dI5b8T5hshtkjS+E42TnysNCUPdjciGhY=
golang.org/x/text v0.3.0/go.mod h1:NqM8EUOU14njkJ3fqMW+pc6Ldnwhi/IjpwHt7yyuwOQ=
golang.org/x/tools v0.0.0-20190306162903-69e0dcfa1121 h1:no7FcgCKNUGnAyqPewDIx0La6Y6an4a/T+VWe9mILpQ=
golang.org/x/tools v0.0.0-20190306162903-69e0dcfa1121/go.mod h1:9Yl7xja0Znq3iFh3HoIrodX9oNMXvdceNzlUR8zjMvY=
google.golang.org/appengine v1.2.0/go.mod h1:xpcJRLb0r/rnEns0DIKYYv+WjYCduHsrkT7/EB5XEv4=
google.golang.org/appengine v1.4.0/go.mod h1:xpcJRLb0r/rnEns0DIKYYv+WjYCduHsrkT7/EB5XEv4=
gopkg.in/alecthomas/kingpin.v2 v2.2.6/go.mod h1:FMv+mEhP44yOT+4EoQTLFTRgOQ1FBLkstjWtayDeSgw=
gopkg.in/check.v1 v0.0.0-20161208181325-20d25e280405 h1:yhCVgyC4o1eVCa2tZl7eS0r+SDo693bJlVdllGtEeKM=
gopkg.in/check.v1 v0.0.0-20161208181325-20d25e280405/go.mod h1:Co6ibVJAznAaIkqp8huTwlJQCZ016jof/cbN4VW5Yz0=
gopkg.in/yaml.v2 v2.2.1 h1:mUhvW9EsL+naU5Q3cakzfE91YhliOondGd6ZrsDBHQE=
gopkg.in/yaml.v2 v2.2.1/go.mod h1:hI93XBmqTisBFMUTm0b8Fm+jr3Dg1NNxqwp+5A1VGuI=
